
Microsoft Visual Studio Solution File, Format Version 12.00
# Visual Studio Version 17
VisualStudioVersion = 17.7.34024.191
MinimumVisualStudioVersion = 10.0.40219.1
Project("{FAE04EC0-301F-11D3-BF4B-00C04F79EFBC}") = "StudentInfo", "StudentInfo\StudentInfo.csproj", "{6A9587F0-7D64-4479-B6AA-C1117BA0B639}"
EndProject
Global
	GlobalSection(SolutionConfigurationPlatforms) = preSolution
		Debug|Any CPU = Debug|Any CPU
		Release|Any CPU = Release|Any CPU
	EndGlobalSection
	GlobalSection(ProjectConfigurationPlatforms) = postSolution
		{6A9587F0-7D64-4479-B6AA-C1117BA0B639}.Debug|Any CPU.ActiveCfg = Debug|Any CPU
		{6A9587F0-7D64-4479-B6AA-C1117BA0B639}.Debug|Any CPU.Build.0 = Debug|Any CPU
		{6A9587F0-7D64-4479-B6AA-C1117BA0B639}.Release|Any CPU.ActiveCfg = Release|Any CPU
		{6A9587F0-7D64-4479-B6AA-C1117BA0B639}.Release|Any CPU.Build.0 = Release|Any CPU
	EndGlobalSection
	GlobalSection(SolutionProperties) = preSolution
		HideSolutionNode = FALSE
	EndGlobalSection
	GlobalSection(ExtensibilityGlobals) = postSolution
		SolutionGuid = {6EFE391A-EA6C-486F-85EE-925F143228B8}
	EndGlobalSection
EndGlobal
